
Microsoft Visual Studio Solution File, Format Version 12.00
# Visual Studio Version 17
VisualStudioVersion = 17.8.34525.116
MinimumVisualStudioVersion = 10.0.40219.1
Project("{9A19103F-16F7-4668-BE54-9A1E7A4F7556}") = "SigmaTestTask", "SigmaTestTask.csproj", "{67D3247B-19EB-4FEF-929A-6B7AC41F983E}"
EndProject
Project("{FAE04EC0-301F-11D3-BF4B-00C04F79EFBC}") = "SigmaTestTask.Tests", "..\SigmaTestTask.Tests\SigmaTestTask.Tests.csproj", "{ADB691C9-114C-4BAC-8C94-9A1FAFA6A2B7}"
EndProject
Global
	GlobalSection(SolutionConfigurationPlatforms) = preSolution
		Debug|Any CPU = Debug|Any CPU
		Release|Any CPU = Release|Any CPU
	EndGlobalSection
	GlobalSection(ProjectConfigurationPlatforms) = postSolution
		{67D3247B-19EB-4FEF-929A-6B7AC41F983E}.Debug|Any CPU.ActiveCfg = Debug|Any CPU
		{67D3247B-19EB-4FEF-929A-6B7AC41F983E}.Debug|Any CPU.Build.0 = Debug|Any CPU
		{67D3247B-19EB-4FEF-929A-6B7AC41F983E}.Release|Any CPU.ActiveCfg = Release|Any CPU
		{67D3247B-19EB-4FEF-929A-6B7AC41F983E}.Release|Any CPU.Build.0 = Release|Any CPU
		{ADB691C9-114C-4BAC-8C94-9A1FAFA6A2B7}.Debug|Any CPU.ActiveCfg = Debug|Any CPU
		{ADB691C9-114C-4BAC-8C94-9A1FAFA6A2B7}.Debug|Any CPU.Build.0 = Debug|Any CPU
		{ADB691C9-114C-4BAC-8C94-9A1FAFA6A2B7}.Release|Any CPU.ActiveCfg = Release|Any CPU
		{ADB691C9-114C-4BAC-8C94-9A1FAFA6A2B7}.Release|Any CPU.Build.0 = Release|Any CPU
	EndGlobalSection
	GlobalSection(SolutionProperties) = preSolution
		HideSolutionNode = FALSE
	EndGlobalSection
	GlobalSection(ExtensibilityGlobals) = postSolution
		SolutionGuid = {D388AA01-0FC0-43F0-A630-11F52D424246}
	EndGlobalSection
EndGlobal
